
Microsoft Visual Studio Solution File, Format Version 12.00
# Visual Studio Version 17
VisualStudioVersion = 17.0.32014.148
MinimumVisualStudioVersion = 10.0.40219.1
Project("{9A19103F-16F7-4668-BE54-9A1E7A4F7556}") = "StructuredMinimalApi", "StructuredMinimalApi\StructuredMinimalApi.csproj", "{4BA03DA9-5C3D-47F0-8C93-6EED6B3BDA8F}"
EndProject
Project("{9A19103F-16F7-4668-BE54-9A1E7A4F7556}") = "MinimalApi", "MinimalApi\MinimalApi.csproj", "{C427FEC2-CFA6-425B-AC16-C5E894E1F76F}"
EndProject
Project("{9A19103F-16F7-4668-BE54-9A1E7A4F7556}") = "StructuredMinimalApi.IntegrationTests", "StructuredMinimalApi.IntegrationTests\StructuredMinimalApi.IntegrationTests.csproj", "{54909246-23F9-4900-BBC2-35AA64E88C12}"
EndProject
Project("{FAE04EC0-301F-11D3-BF4B-00C04F79EFBC}") = "StructuredMinimalApi.Client.SDK", "StructuredMinimalApi.Client.SDK\StructuredMinimalApi.Client.SDK.csproj", "{33B6418D-9FC1-4F84-AEED-6AB1A52DD02F}"
EndProject
Global
	GlobalSection(SolutionConfigurationPlatforms) = preSolution
		Debug|Any CPU = Debug|Any CPU
		Release|Any CPU = Release|Any CPU
	EndGlobalSection
	GlobalSection(ProjectConfigurationPlatforms) = postSolution
		{4BA03DA9-5C3D-47F0-8C93-6EED6B3BDA8F}.Debug|Any CPU.ActiveCfg = Debug|Any CPU
		{4BA03DA9-5C3D-47F0-8C93-6EED6B3BDA8F}.Debug|Any CPU.Build.0 = Debug|Any CPU
		{4BA03DA9-5C3D-47F0-8C93-6EED6B3BDA8F}.Release|Any CPU.ActiveCfg = Release|Any CPU
		{4BA03DA9-5C3D-47F0-8C93-6EED6B3BDA8F}.Release|Any CPU.Build.0 = Release|Any CPU
		{C427FEC2-CFA6-425B-AC16-C5E894E1F76F}.Debug|Any CPU.ActiveCfg = Debug|Any CPU
		{C427FEC2-CFA6-425B-AC16-C5E894E1F76F}.Debug|Any CPU.Build.0 = Debug|Any CPU
		{C427FEC2-CFA6-425B-AC16-C5E894E1F76F}.Release|Any CPU.ActiveCfg = Release|Any CPU
		{C427FEC2-CFA6-425B-AC16-C5E894E1F76F}.Release|Any CPU.Build.0 = Release|Any CPU
		{54909246-23F9-4900-BBC2-35AA64E88C12}.Debug|Any CPU.ActiveCfg = Debug|Any CPU
		{54909246-23F9-4900-BBC2-35AA64E88C12}.Debug|Any CPU.Build.0 = Debug|Any CPU
		{54909246-23F9-4900-BBC2-35AA64E88C12}.Release|Any CPU.ActiveCfg = Release|Any CPU
		{54909246-23F9-4900-BBC2-35AA64E88C12}.Release|Any CPU.Build.0 = Release|Any CPU
		{33B6418D-9FC1-4F84-AEED-6AB1A52DD02F}.Debug|Any CPU.ActiveCfg = Debug|Any CPU
		{33B6418D-9FC1-4F84-AEED-6AB1A52DD02F}.Debug|Any CPU.Build.0 = Debug|Any CPU
		{33B6418D-9FC1-4F84-AEED-6AB1A52DD02F}.Release|Any CPU.ActiveCfg = Release|Any CPU
		{33B6418D-9FC1-4F84-AEED-6AB1A52DD02F}.Release|Any CPU.Build.0 = Release|Any CPU
	EndGlobalSection
	GlobalSection(SolutionProperties) = preSolution
		HideSolutionNode = FALSE
	EndGlobalSection
	GlobalSection(ExtensibilityGlobals) = postSolution
		SolutionGuid = {53320F29-02E1-4802-9E1E-C368152D2682}
	EndGlobalSection
EndGlobal
